<?xml version="1.0" encoding="utf-8"?>
<Project ToolsVersion="4.0" xmlns="http://schemas.microsoft.com/developer/msbuild/2003">
  <ItemGroup>
    <Filter Include="源文件">
      <UniqueIdentifier>{4FC737F1-C7A5-4376-A066-2A32D752A2FF}</UniqueIdentifier>
      <Extensions>cpp;c;cc;cxx;def;odl;idl;hpj;bat;asm;asmx</Extensions>
    </Filter>
    <Filter Include="头文件">
      <UniqueIdentifier>{93995380-89BD-4b04-88EB-625FBE52EBFB}</UniqueIdentifier>
      <Extensions>h;hh;hpp;hxx;hm;inl;inc;xsd</Extensions>
    </Filter>
    <Filter Include="资源文件">
      <UniqueIdentifier>{67DA6AB6-F800-4c08-8B7A-83BB121AAD01}</UniqueIdentifier>
      <Extensions>rc;ico;cur;bmp;dlg;rc2;rct;bin;rgs;gif;jpg;jpeg;jpe;resx;tiff;tif;png;wav;mfcribbon-ms</Extensions>
    </Filter>
    <Filter Include="脚本">
      <UniqueIdentifier>{221f26cd-134b-40fb-b57c-dc069a79fbe0}</UniqueIdentifier>
      <Extensions>lua</Extensions>
    </Filter>
  </ItemGroup>
  <ItemGroup>
    <ClInclude Include="stdafx.h">
      <Filter>头文件</Filter>
    </ClInclude>
    <ClInclude Include="targetver.h">
      <Filter>头文件</Filter>
    </ClInclude>
    <ClInclude Include="render\Direct2D.h">
      <Filter>头文件</Filter>
    </ClInclude>
    <ClInclude Include="ui\window\Window.h">
      <Filter>头文件</Filter>
    </ClInclude>
    <ClInclude Include="ui\window\WindowClass.h">
      <Filter>头文件</Filter>
    </ClInclude>
    <ClInclude Include="ui\window\WindowMsgLoop.h">
      <Filter>头文件</Filter>
    </ClInclude>
    <ClInclude Include="base\defines.h">
      <Filter>头文件</Filter>
    </ClInclude>
    <ClInclude Include="render\Direct2DRenderTarget.h">
      <Filter>头文件</Filter>
    </ClInclude>
    <ClInclude Include="ui\gdi\Gdi.h">
      <Filter>头文件</Filter>
    </ClInclude>
    <ClInclude Include="render\Direct2DRender.h">
      <Filter>头文件</Filter>
    </ClInclude>
    <ClInclude Include="render\Direct2DAllocator.h">
      <Filter>头文件</Filter>
    </ClInclude>
    <ClInclude Include="lua\lauxlib.h">
      <Filter>头文件</Filter>
    </ClInclude>
    <ClInclude Include="lua\lcode.h">
      <Filter>头文件</Filter>
    </ClInclude>
    <ClInclude Include="lua\lctype.h">
      <Filter>头文件</Filter>
    </ClInclude>
    <ClInclude Include="lua\ldebug.h">
      <Filter>头文件</Filter>
    </ClInclude>
    <ClInclude Include="lua\ldo.h">
      <Filter>头文件</Filter>
    </ClInclude>
    <ClInclude Include="lua\lfunc.h">
      <Filter>头文件</Filter>
    </ClInclude>
    <ClInclude Include="lua\lgc.h">
      <Filter>头文件</Filter>
    </ClInclude>
    <ClInclude Include="lua\llex.h">
      <Filter>头文件</Filter>
    </ClInclude>
    <ClInclude Include="lua\llimits.h">
      <Filter>头文件</Filter>
    </ClInclude>
    <ClInclude Include="lua\lmem.h">
      <Filter>头文件</Filter>
    </ClInclude>
    <ClInclude Include="lua\lobject.h">
      <Filter>头文件</Filter>
    </ClInclude>
    <ClInclude Include="lua\lopcodes.h">
      <Filter>头文件</Filter>
    </ClInclude>
    <ClInclude Include="lua\lparser.h">
      <Filter>头文件</Filter>
    </ClInclude>
    <ClInclude Include="lua\lprefix.h">
      <Filter>头文件</Filter>
    </ClInclude>
    <ClInclude Include="lua\lstate.h">
      <Filter>头文件</Filter>
    </ClInclude>
    <ClInclude Include="lua\lstring.h">
      <Filter>头文件</Filter>
    </ClInclude>
    <ClInclude Include="lua\ltable.h">
      <Filter>头文件</Filter>
    </ClInclude>
    <ClInclude Include="lua\ltm.h">
      <Filter>头文件</Filter>
    </ClInclude>
    <ClInclude Include="lua\lua.h">
      <Filter>头文件</Filter>
    </ClInclude>
    <ClInclude Include="lua\lua.hpp">
      <Filter>头文件</Filter>
    </ClInclude>
    <ClInclude Include="lua\luaconf.h">
      <Filter>头文件</Filter>
    </ClInclude>
    <ClInclude Include="lua\lualib.h">
      <Filter>头文件</Filter>
    </ClInclude>
    <ClInclude Include="lua\lundump.h">
      <Filter>头文件</Filter>
    </ClInclude>
    <ClInclude Include="lua\lvm.h">
      <Filter>头文件</Filter>
    </ClInclude>
    <ClInclude Include="lua\lzio.h">
      <Filter>头文件</Filter>
    </ClInclude>
    <ClInclude Include="lua\lapi.h">
      <Filter>头文件</Filter>
    </ClInclude>
    <ClInclude Include="lua_ext\UI.h">
      <Filter>头文件</Filter>
    </ClInclude>
    <ClInclude Include="lua_ext\ext.h">
      <Filter>头文件</Filter>
    </ClInclude>
    <ClInclude Include="base\libqrencode\bitstream.h">
      <Filter>头文件</Filter>
    </ClInclude>
    <ClInclude Include="base\libqrencode\mask.h">
      <Filter>头文件</Filter>
    </ClInclude>
    <ClInclude Include="base\libqrencode\mmask.h">
      <Filter>头文件</Filter>
    </ClInclude>
    <ClInclude Include="base\libqrencode\mqrspec.h">
      <Filter>头文件</Filter>
    </ClInclude>
    <ClInclude Include="base\libqrencode\qrencode.h">
      <Filter>头文件</Filter>
    </ClInclude>
    <ClInclude Include="base\libqrencode\qrinput.h">
      <Filter>头文件</Filter>
    </ClInclude>
    <ClInclude Include="base\libqrencode\qrspec.h">
      <Filter>头文件</Filter>
    </ClInclude>
    <ClInclude Include="base\libqrencode\rscode.h">
      <Filter>头文件</Filter>
    </ClInclude>
    <ClInclude Include="base\libqrencode\split.h">
      <Filter>头文件</Filter>
    </ClInclude>
    <ClInclude Include="base\libqrencode\config.h">
      <Filter>头文件</Filter>
    </ClInclude>
    <ClInclude Include="base\event2\buffer.h">
      <Filter>头文件</Filter>
    </ClInclude>
    <ClInclude Include="base\event2\buffer_compat.h">
      <Filter>头文件</Filter>
    </ClInclude>
    <ClInclude Include="base\event2\bufferevent.h">
      <Filter>头文件</Filter>
    </ClInclude>
    <ClInclude Include="base\event2\bufferevent_compat.h">
      <Filter>头文件</Filter>
    </ClInclude>
    <ClInclude Include="base\event2\bufferevent_ssl.h">
      <Filter>头文件</Filter>
    </ClInclude>
    <ClInclude Include="base\event2\bufferevent_struct.h">
      <Filter>头文件</Filter>
    </ClInclude>
    <ClInclude Include="base\event2\dns.h">
      <Filter>头文件</Filter>
    </ClInclude>
    <ClInclude Include="base\event2\dns_compat.h">
      <Filter>头文件</Filter>
    </ClInclude>
    <ClInclude Include="base\event2\dns_struct.h">
      <Filter>头文件</Filter>
    </ClInclude>
    <ClInclude Include="base\event2\event.h">
      <Filter>头文件</Filter>
    </ClInclude>
    <ClInclude Include="base\event2\event_compat.h">
      <Filter>头文件</Filter>
    </ClInclude>
    <ClInclude Include="base\event2\event_struct.h">
      <Filter>头文件</Filter>
    </ClInclude>
    <ClInclude Include="base\event2\http.h">
      <Filter>头文件</Filter>
    </ClInclude>
    <ClInclude Include="base\event2\http_compat.h">
      <Filter>头文件</Filter>
    </ClInclude>
    <ClInclude Include="base\event2\http_struct.h">
      <Filter>头文件</Filter>
    </ClInclude>
    <ClInclude Include="base\event2\keyvalq_struct.h">
      <Filter>头文件</Filter>
    </ClInclude>
    <ClInclude Include="base\event2\listener.h">
      <Filter>头文件</Filter>
    </ClInclude>
    <ClInclude Include="base\event2\rpc.h">
      <Filter>头文件</Filter>
    </ClInclude>
    <ClInclude Include="base\event2\rpc_compat.h">
      <Filter>头文件</Filter>
    </ClInclude>
    <ClInclude Include="base\event2\rpc_struct.h">
      <Filter>头文件</Filter>
    </ClInclude>
    <ClInclude Include="base\event2\tag.h">
      <Filter>头文件</Filter>
    </ClInclude>
    <ClInclude Include="base\event2\tag_compat.h">
      <Filter>头文件</Filter>
    </ClInclude>
    <ClInclude Include="base\event2\thread.h">
      <Filter>头文件</Filter>
    </ClInclude>
    <ClInclude Include="base\event2\util.h">
      <Filter>头文件</Filter>
    </ClInclude>
    <ClInclude Include="base\curl\curl.h">
      <Filter>头文件</Filter>
    </ClInclude>
    <ClInclude Include="base\curl\curlbuild.h">
      <Filter>头文件</Filter>
    </ClInclude>
    <ClInclude Include="base\curl\curlrules.h">
      <Filter>头文件</Filter>
    </ClInclude>
    <ClInclude Include="base\curl\curlver.h">
      <Filter>头文件</Filter>
    </ClInclude>
    <ClInclude Include="base\curl\easy.h">
      <Filter>头文件</Filter>
    </ClInclude>
    <ClInclude Include="base\curl\mprintf.h">
      <Filter>头文件</Filter>
    </ClInclude>
    <ClInclude Include="base\curl\multi.h">
      <Filter>头文件</Filter>
    </ClInclude>
    <ClInclude Include="base\event2\event-config.h">
      <Filter>头文件</Filter>
    </ClInclude>
    <ClInclude Include="lua_ext\Web.h">
      <Filter>头文件</Filter>
    </ClInclude>
    <ClInclude Include="base\base64\b64.h">
      <Filter>头文件</Filter>
    </ClInclude>
    <ClInclude Include="base\libzplay\libzplay.h">
      <Filter>头文件</Filter>
    </ClInclude>
    <ClInclude Include="base\utils.h">
      <Filter>头文件</Filter>
    </ClInclude>
    <ClInclude Include="base\pe2d\PhysicsEngine2D.h">
      <Filter>头文件</Filter>
    </ClInclude>
    <ClInclude Include="base\pe2d\math\vector3.h">
      <Filter>头文件</Filter>
    </ClInclude>
    <ClInclude Include="base\pe2d\Geometries2D.h">
      <Filter>头文件</Filter>
    </ClInclude>
    <ClInclude Include="base\pe2d\Geometries.h">
      <Filter>头文件</Filter>
    </ClInclude>
    <ClInclude Include="base\pe2d\math\vector2.h">
      <Filter>头文件</Filter>
    </ClInclude>
    <ClInclude Include="base\bochs\bx_debug\debug.h">
      <Filter>头文件</Filter>
    </ClInclude>
    <ClInclude Include="base\bochs\gui\siminterface.h">
      <Filter>头文件</Filter>
    </ClInclude>
    <ClInclude Include="base\bochs\iodev\iodev.h">
      <Filter>头文件</Filter>
    </ClInclude>
    <ClInclude Include="base\bochs\bochs.h">
      <Filter>头文件</Filter>
    </ClInclude>
    <ClInclude Include="base\bochs\bxversion.h">
      <Filter>头文件</Filter>
    </ClInclude>
    <ClInclude Include="base\bochs\config.h">
      <Filter>头文件</Filter>
    </ClInclude>
    <ClInclude Include="base\bochs\extplugin.h">
      <Filter>头文件</Filter>
    </ClInclude>
    <ClInclude Include="base\bochs\osdep.h">
      <Filter>头文件</Filter>
    </ClInclude>
    <ClInclude Include="base\bochs\param_names.h">
      <Filter>头文件</Filter>
    </ClInclude>
    <ClInclude Include="base\bochs\pc_system.h">
      <Filter>头文件</Filter>
    </ClInclude>
    <ClInclude Include="base\bochs\plugin.h">
      <Filter>头文件</Filter>
    </ClInclude>
    <ClInclude Include="base\bochs\gui\textconfig.h">
      <Filter>头文件</Filter>
    </ClInclude>
    <ClInclude Include="base\bochs\cpu\cpu.h">
      <Filter>头文件</Filter>
    </ClInclude>
    <ClInclude Include="base\bochs\gui\gui.h">
      <Filter>头文件</Filter>
    </ClInclude>
    <ClInclude Include="base\bochs\memory\memory-bochs.h">
      <Filter>头文件</Filter>
    </ClInclude>
    <ClInclude Include="base\bochs\instrument.h">
      <Filter>头文件</Filter>
    </ClInclude>
    <ClInclude Include="base\bochs\cpudb.h">
      <Filter>头文件</Filter>
    </ClInclude>
    <ClInclude Include="base\bochs\gui\paramtree.h">
      <Filter>头文件</Filter>
    </ClInclude>
    <ClInclude Include="base\bochs\sim.h">
      <Filter>头文件</Filter>
    </ClInclude>
    <ClInclude Include="base\bochs\cpu\decoder\decoder.h">
      <Filter>头文件</Filter>
    </ClInclude>
    <ClInclude Include="base\bochs\cpu\i387.h">
      <Filter>头文件</Filter>
    </ClInclude>
    <ClInclude Include="base\bochs\cpu\fpu\control_w.h">
      <Filter>头文件</Filter>
    </ClInclude>
    <ClInclude Include="base\bochs\cpu\fpu\softfloat.h">
      <Filter>头文件</Filter>
    </ClInclude>
    <ClInclude Include="base\bochs\cpu\fpu\status_w.h">
      <Filter>头文件</Filter>
    </ClInclude>
    <ClInclude Include="base\bochs\cpu\fpu\tag_w.h">
      <Filter>头文件</Filter>
    </ClInclude>
    <ClInclude Include="base\bochs\cpu\decoder\instr.h">
      <Filter>头文件</Filter>
    </ClInclude>
    <ClInclude Include="base\bochs\cpu\crregs.h">
      <Filter>头文件</Filter>
    </ClInclude>
    <ClInclude Include="base\bochs\cpu\descriptor.h">
      <Filter>头文件</Filter>
    </ClInclude>
    <ClInclude Include="base\bochs\cpu\icache.h">
      <Filter>头文件</Filter>
    </ClInclude>
    <ClInclude Include="base\bochs\cpu\lazy_flags.h">
      <Filter>头文件</Filter>
    </ClInclude>
    <ClInclude Include="base\bochs\cpu\tlb.h">
      <Filter>头文件</Filter>
    </ClInclude>
    <ClInclude Include="base\bochs\cpu\apic.h">
      <Filter>头文件</Filter>
    </ClInclude>
    <ClInclude Include="base\bochs\cpu\xmm.h">
      <Filter>头文件</Filter>
    </ClInclude>
    <ClInclude Include="base\bochs\cpu\decoder\ia_opcodes.h">
      <Filter>头文件</Filter>
    </ClInclude>
    <ClInclude Include="base\bochs\cpu\cpuid.h">
      <Filter>头文件</Filter>
    </ClInclude>
    <ClInclude Include="base\bochs\cpu\access.h">
      <Filter>头文件</Filter>
    </ClInclude>
    <ClInclude Include="base\bochs\gui\win32dialog.h">
      <Filter>头文件</Filter>
    </ClInclude>
    <ClInclude Include="base\bochs\gui\d2d.h">
      <Filter>头文件</Filter>
    </ClInclude>
    <ClInclude Include="base\clib2d\Clib2D.h">
      <Filter>头文件</Filter>
    </ClInclude>
    <ClInclude Include="base\clib2d\c2d.h">
      <Filter>头文件</Filter>
    </ClInclude>
    <ClInclude Include="base\clib2d\c2dbody.h">
      <Filter>头文件</Filter>
    </ClInclude>
    <ClInclude Include="base\clib2d\c2dcircle.h">
      <Filter>头文件</Filter>
    </ClInclude>
    <ClInclude Include="base\clib2d\c2dcollision.h">
      <Filter>头文件</Filter>
    </ClInclude>
    <ClInclude Include="base\clib2d\c2dcontact.h">
      <Filter>头文件</Filter>
    </ClInclude>
    <ClInclude Include="base\clib2d\c2djoint.h">
      <Filter>头文件</Filter>
    </ClInclude>
    <ClInclude Include="base\clib2d\c2dpolygon.h">
      <Filter>头文件</Filter>
    </ClInclude>
    <ClInclude Include="base\clib2d\c2drevolute.h">
      <Filter>头文件</Filter>
    </ClInclude>
    <ClInclude Include="base\clib2d\c2dworld.h">
      <Filter>头文件</Filter>
    </ClInclude>
    <ClInclude Include="base\clib2d\m2.h">
      <Filter>头文件</Filter>
    </ClInclude>
    <ClInclude Include="base\clib2d\v2.h">
      <Filter>头文件</Filter>
    </ClInclude>
    <ClInclude Include="base\parser\cast.h">
      <Filter>头文件</Filter>
    </ClInclude>
    <ClInclude Include="base\parser\cexception.h">
      <Filter>头文件</Filter>
    </ClInclude>
    <ClInclude Include="base\parser\cgen.h">
      <Filter>头文件</Filter>
    </ClInclude>
    <ClInclude Include="base\parser\cgui.h">
      <Filter>头文件</Filter>
    </ClInclude>
    <ClInclude Include="base\parser\clexer.h">
      <Filter>头文件</Filter>
    </ClInclude>
    <ClInclude Include="base\parser\cmem.h">
      <Filter>头文件</Filter>
    </ClInclude>
    <ClInclude Include="base\parser\cnet.h">
      <Filter>头文件</Filter>
    </ClInclude>
    <ClInclude Include="base\parser\cparser.h">
      <Filter>头文件</Filter>
    </ClInclude>
    <ClInclude Include="base\parser\cunit.h">
      <Filter>头文件</Filter>
    </ClInclude>
    <ClInclude Include="base\parser\cvfs.h">
      <Filter>头文件</Filter>
    </ClInclude>
    <ClInclude Include="base\parser\cvm.h">
      <Filter>头文件</Filter>
    </ClInclude>
    <ClInclude Include="base\parser\memory.h">
      <Filter>头文件</Filter>
    </ClInclude>
    <ClInclude Include="base\parser\types.h">
      <Filter>头文件</Filter>
    </ClInclude>
    <ClInclude Include="base\json\cjast.h">
      <Filter>头文件</Filter>
    </ClInclude>
    <ClInclude Include="base\json\cjdom.h">
      <Filter>头文件</Filter>
    </ClInclude>
    <ClInclude Include="base\json\cjparser.h">
      <Filter>头文件</Filter>
    </ClInclude>
    <ClInclude Include="base\json\cjlexer.h">
      <Filter>头文件</Filter>
    </ClInclude>
    <ClInclude Include="base\pthread\pthread.h">
      <Filter>头文件</Filter>
    </ClInclude>
    <ClInclude Include="base\pthread\sched.h">
      <Filter>头文件</Filter>
    </ClInclude>
    <ClInclude Include="base\pthread\semaphore.h">
      <Filter>头文件</Filter>
    </ClInclude>
    <ClInclude Include="base\libmicrohttpd\microhttpd.h">
      <Filter>头文件</Filter>
    </ClInclude>
    <ClInclude Include="base\zlib\zconf.h">
      <Filter>头文件</Filter>
    </ClInclude>
    <ClInclude Include="base\zlib\zlib.h">
      <Filter>头文件</Filter>
    </ClInclude>
    <ClInclude Include="base\mice2d\Mice2D.h">
      <Filter>头文件</Filter>
    </ClInclude>
    <ClInclude Include="base\mice2d\MiceAtom.h">
      <Filter>头文件</Filter>
    </ClInclude>
    <ClInclude Include="base\mpm2d\MPM2D.h">
      <Filter>头文件</Filter>
    </ClInclude>
    <ClInclude Include="base\mpm2d\math\m2.h">
      <Filter>头文件</Filter>
    </ClInclude>
    <ClInclude Include="base\mpm2d\math\v2.h">
      <Filter>头文件</Filter>
    </ClInclude>
    <ClInclude Include="base\nanosvg\nanosvg.h">
      <Filter>头文件</Filter>
    </ClInclude>
    <ClInclude Include="base\nanosvg\nanosvgrast.h">
      <Filter>头文件</Filter>
    </ClInclude>
    <ClInclude Include="base\clibjs\cjs.h">
      <Filter>头文件</Filter>
    </ClInclude>
    <ClInclude Include="base\clibjs\cjsast.h">
      <Filter>头文件</Filter>
    </ClInclude>
    <ClInclude Include="base\clibjs\cjsgen.h">
      <Filter>头文件</Filter>
    </ClInclude>
    <ClInclude Include="base\clibjs\cjslexer.h">
      <Filter>头文件</Filter>
    </ClInclude>
    <ClInclude Include="base\clibjs\cjsmem.h">
      <Filter>头文件</Filter>
    </ClInclude>
    <ClInclude Include="base\clibjs\cjsparser.h">
      <Filter>头文件</Filter>
    </ClInclude>
    <ClInclude Include="base\clibjs\cjsruntime.h">
      <Filter>头文件</Filter>
    </ClInclude>
    <ClInclude Include="base\clibjs\cjstypes.h">
      <Filter>头文件</Filter>
    </ClInclude>
    <ClInclude Include="base\clibjs\cjsunit.h">
      <Filter>头文件</Filter>
    </ClInclude>
    <ClInclude Include="base\clibjs\JS2D.h">
      <Filter>头文件</Filter>
    </ClInclude>
    <ClInclude Include="base\clibjs\cjsgui.h">
      <Filter>头文件</Filter>
    </ClInclude>
    <ClInclude Include="base\parser2d\cast.h">
      <Filter>头文件</Filter>
    </ClInclude>
    <ClInclude Include="base\parser2d\cexception.h">
      <Filter>头文件</Filter>
    </ClInclude>
    <ClInclude Include="base\parser2d\cext.h">
      <Filter>头文件</Filter>
    </ClInclude>
    <ClInclude Include="base\parser2d\cgen.h">
      <Filter>头文件</Filter>
    </ClInclude>
    <ClInclude Include="base\parser2d\cgui.h">
      <Filter>头文件</Filter>
    </ClInclude>
    <ClInclude Include="base\parser2d\clexer.h">
      <Filter>头文件</Filter>
    </ClInclude>
    <ClInclude Include="base\parser2d\cmem.h">
      <Filter>头文件</Filter>
    </ClInclude>
    <ClInclude Include="base\parser2d\cmusic.h">
      <Filter>头文件</Filter>
    </ClInclude>
    <ClInclude Include="base\parser2d\cnet.h">
      <Filter>头文件</Filter>
    </ClInclude>
    <ClInclude Include="base\parser2d\cparser.h">
      <Filter>头文件</Filter>
    </ClInclude>
    <ClInclude Include="base\parser2d\crev.h">
      <Filter>头文件</Filter>
    </ClInclude>
    <ClInclude Include="base\parser2d\cui.h">
      <Filter>头文件</Filter>
    </ClInclude>
    <ClInclude Include="base\parser2d\cunit.h">
      <Filter>头文件</Filter>
    </ClInclude>
    <ClInclude Include="base\parser2d\cvfs.h">
      <Filter>头文件</Filter>
    </ClInclude>
    <ClInclude Include="base\parser2d\cvm.h">
      <Filter>头文件</Filter>
    </ClInclude>
    <ClInclude Include="base\parser2d\cwnd.h">
      <Filter>头文件</Filter>
    </ClInclude>
    <ClInclude Include="base\parser2d\memory.h">
      <Filter>头文件</Filter>
    </ClInclude>
    <ClInclude Include="base\parser2d\Parser2D.h">
      <Filter>头文件</Filter>
    </ClInclude>
    <ClInclude Include="base\parser2d\types.h">
      <Filter>头文件</Filter>
    </ClInclude>
    <ClInclude Include="base\nlohmann_json\json.h">
      <Filter>头文件</Filter>
    </ClInclude>
    <ClInclude Include="base\restclient-cpp\connection.h">
      <Filter>头文件</Filter>
    </ClInclude>
    <ClInclude Include="base\restclient-cpp\helpers.h">
      <Filter>头文件</Filter>
    </ClInclude>
    <ClInclude Include="base\restclient-cpp\restclient.h">
      <Filter>头文件</Filter>
    </ClInclude>
    <ClInclude Include="base\restclient-cpp\version.h">
      <Filter>头文件</Filter>
    </ClInclude>
    <ClInclude Include="base\clibjs\cjsrender.h">
      <Filter>头文件</Filter>
    </ClInclude>
  </ItemGroup>
  <ItemGroup>
    <ClCompile Include="stdafx.cpp">
      <Filter>源文件</Filter>
    </ClCompile>
    <ClCompile Include="render\Direct2D.cpp">
      <Filter>源文件</Filter>
    </ClCompile>
    <ClCompile Include="ui\window\Window.cpp">
      <Filter>源文件</Filter>
    </ClCompile>
    <ClCompile Include="ui\window\WindowClass.cpp">
      <Filter>源文件</Filter>
    </ClCompile>
    <ClCompile Include="ui\window\WindowMsgLoop.cpp">
      <Filter>源文件</Filter>
    </ClCompile>
    <ClCompile Include="ui\gdi\Point.cpp">
      <Filter>源文件</Filter>
    </ClCompile>
    <ClCompile Include="ui\gdi\Size.cpp">
      <Filter>源文件</Filter>
    </ClCompile>
    <ClCompile Include="ui\gdi\Rect.cpp">
      <Filter>源文件</Filter>
    </ClCompile>
    <ClCompile Include="ui\gdi\Color.cpp">
      <Filter>源文件</Filter>
    </ClCompile>
    <ClCompile Include="ui\gdi\Font.cpp">
      <Filter>源文件</Filter>
    </ClCompile>
    <ClCompile Include="WinMain.cpp">
      <Filter>源文件</Filter>
    </ClCompile>
    <ClCompile Include="render\Direct2DRenderTarget.cpp">
      <Filter>源文件</Filter>
    </ClCompile>
    <ClCompile Include="render\Direct2DRender.cpp">
      <Filter>源文件</Filter>
    </ClCompile>
    <ClCompile Include="render\Direct2DAllocator.cpp">
      <Filter>源文件</Filter>
    </ClCompile>
    <ClCompile Include="lua\lapi.c">
      <Filter>源文件</Filter>
    </ClCompile>
    <ClCompile Include="lua\lauxlib.c">
      <Filter>源文件</Filter>
    </ClCompile>
    <ClCompile Include="lua\lbaselib.c">
      <Filter>源文件</Filter>
    </ClCompile>
    <ClCompile Include="lua\lbitlib.c">
      <Filter>源文件</Filter>
    </ClCompile>
    <ClCompile Include="lua\lcode.c">
      <Filter>源文件</Filter>
    </ClCompile>
    <ClCompile Include="lua\lcorolib.c">
      <Filter>源文件</Filter>
    </ClCompile>
    <ClCompile Include="lua\lctype.c">
      <Filter>源文件</Filter>
    </ClCompile>
    <ClCompile Include="lua\ldblib.c">
      <Filter>源文件</Filter>
    </ClCompile>
    <ClCompile Include="lua\ldebug.c">
      <Filter>源文件</Filter>
    </ClCompile>
    <ClCompile Include="lua\ldo.c">
      <Filter>源文件</Filter>
    </ClCompile>
    <ClCompile Include="lua\ldump.c">
      <Filter>源文件</Filter>
    </ClCompile>
    <ClCompile Include="lua\lfunc.c">
      <Filter>源文件</Filter>
    </ClCompile>
    <ClCompile Include="lua\lgc.c">
      <Filter>源文件</Filter>
    </ClCompile>
    <ClCompile Include="lua\linit.c">
      <Filter>源文件</Filter>
    </ClCompile>
    <ClCompile Include="lua\liolib.c">
      <Filter>源文件</Filter>
    </ClCompile>
    <ClCompile Include="lua\llex.c">
      <Filter>源文件</Filter>
    </ClCompile>
    <ClCompile Include="lua\lmathlib.c">
      <Filter>源文件</Filter>
    </ClCompile>
    <ClCompile Include="lua\lmem.c">
      <Filter>源文件</Filter>
    </ClCompile>
    <ClCompile Include="lua\loadlib.c">
      <Filter>源文件</Filter>
    </ClCompile>
    <ClCompile Include="lua\lobject.c">
      <Filter>源文件</Filter>
    </ClCompile>
    <ClCompile Include="lua\lopcodes.c">
      <Filter>源文件</Filter>
    </ClCompile>
    <ClCompile Include="lua\loslib.c">
      <Filter>源文件</Filter>
    </ClCompile>
    <ClCompile Include="lua\lparser.c">
      <Filter>源文件</Filter>
    </ClCompile>
    <ClCompile Include="lua\lstate.c">
      <Filter>源文件</Filter>
    </ClCompile>
    <ClCompile Include="lua\lstring.c">
      <Filter>源文件</Filter>
    </ClCompile>
    <ClCompile Include="lua\lstrlib.c">
      <Filter>源文件</Filter>
    </ClCompile>
    <ClCompile Include="lua\ltable.c">
      <Filter>源文件</Filter>
    </ClCompile>
    <ClCompile Include="lua\ltablib.c">
      <Filter>源文件</Filter>
    </ClCompile>
    <ClCompile Include="lua\ltm.c">
      <Filter>源文件</Filter>
    </ClCompile>
    <ClCompile Include="lua\lua.c">
      <Filter>源文件</Filter>
    </ClCompile>
    <ClCompile Include="lua\luac.c">
      <Filter>源文件</Filter>
    </ClCompile>
    <ClCompile Include="lua\lundump.c">
      <Filter>源文件</Filter>
    </ClCompile>
    <ClCompile Include="lua\lutf8lib.c">
      <Filter>源文件</Filter>
    </ClCompile>
    <ClCompile Include="lua\lvm.c">
      <Filter>源文件</Filter>
    </ClCompile>
    <ClCompile Include="lua\lzio.c">
      <Filter>源文件</Filter>
    </ClCompile>
    <ClCompile Include="lua_ext\UI.cpp">
      <Filter>源文件</Filter>
    </ClCompile>
    <ClCompile Include="lua_ext\ext.cpp">
      <Filter>源文件</Filter>
    </ClCompile>
    <ClCompile Include="ui\window\WindowLua.cpp">
      <Filter>源文件</Filter>
    </ClCompile>
    <ClCompile Include="render\Direct2DRenderImage.cpp">
      <Filter>源文件</Filter>
    </ClCompile>
    <ClCompile Include="base\libqrencode\bitstream.c">
      <Filter>源文件</Filter>
    </ClCompile>
    <ClCompile Include="base\libqrencode\mask.c">
      <Filter>源文件</Filter>
    </ClCompile>
    <ClCompile Include="base\libqrencode\mmask.c">
      <Filter>源文件</Filter>
    </ClCompile>
    <ClCompile Include="base\libqrencode\mqrspec.c">
      <Filter>源文件</Filter>
    </ClCompile>
    <ClCompile Include="base\libqrencode\qrencode.c">
      <Filter>源文件</Filter>
    </ClCompile>
    <ClCompile Include="base\libqrencode\qrinput.c">
      <Filter>源文件</Filter>
    </ClCompile>
    <ClCompile Include="base\libqrencode\qrspec.c">
      <Filter>源文件</Filter>
    </ClCompile>
    <ClCompile Include="base\libqrencode\rscode.c">
      <Filter>源文件</Filter>
    </ClCompile>
    <ClCompile Include="base\libqrencode\split.c">
      <Filter>源文件</Filter>
    </ClCompile>
    <ClCompile Include="render\Direct2DRenderEdit.cpp">
      <Filter>源文件</Filter>
    </ClCompile>
    <ClCompile Include="lua_ext\Web.cpp">
      <Filter>源文件</Filter>
    </ClCompile>
    <ClCompile Include="base\base64\b64.cpp">
      <Filter>源文件</Filter>
    </ClCompile>
    <ClCompile Include="base\utils.cpp">
      <Filter>源文件</Filter>
    </ClCompile>
    <ClCompile Include="base\pe2d\PhysicsEngine2D.cpp">
      <Filter>源文件</Filter>
    </ClCompile>
    <ClCompile Include="base\pe2d\PhysicsEngine2DRender.cpp">
      <Filter>源文件</Filter>
    </ClCompile>
    <ClCompile Include="base\pe2d\math\vector3.cpp">
      <Filter>源文件</Filter>
    </ClCompile>
    <ClCompile Include="base\pe2d\RenderSphere.cpp">
      <Filter>源文件</Filter>
    </ClCompile>
    <ClCompile Include="base\pe2d\RenderMaterial.cpp">
      <Filter>源文件</Filter>
    </ClCompile>
    <ClCompile Include="base\pe2d\RenderLight.cpp">
      <Filter>源文件</Filter>
    </ClCompile>
    <ClCompile Include="base\pe2d\Render2DLight.cpp">
      <Filter>源文件</Filter>
    </ClCompile>
    <ClCompile Include="base\pe2d\Render2DSolid.cpp">
      <Filter>源文件</Filter>
    </ClCompile>
    <ClCompile Include="base\pe2d\Render2DReflect.cpp">
      <Filter>源文件</Filter>
    </ClCompile>
    <ClCompile Include="base\pe2d\Render2DTri.cpp">
      <Filter>源文件</Filter>
    </ClCompile>
    <ClCompile Include="base\pe2d\Render2DRefraction.cpp">
      <Filter>源文件</Filter>
    </ClCompile>
    <ClCompile Include="base\pe2d\Render2DFont.cpp">
      <Filter>源文件</Filter>
    </ClCompile>
    <ClCompile Include="base\pe2d\Render2DScene1.cpp">
      <Filter>源文件</Filter>
    </ClCompile>
    <ClCompile Include="base\pe2d\Geometries2D.cpp">
      <Filter>源文件</Filter>
    </ClCompile>
    <ClCompile Include="base\pe2d\Geometries.cpp">
      <Filter>源文件</Filter>
    </ClCompile>
    <ClCompile Include="base\pe2d\math\vector2.cpp">
      <Filter>源文件</Filter>
    </ClCompile>
    <ClCompile Include="base\pe2d\Render2DScene2.cpp">
      <Filter>源文件</Filter>
    </ClCompile>
    <ClCompile Include="base\pe2d\Render2DScene3.cpp">
      <Filter>源文件</Filter>
    </ClCompile>
    <ClCompile Include="base\pe2d\Render2DScene4.cpp">
      <Filter>源文件</Filter>
    </ClCompile>
    <ClCompile Include="base\pe2d\Render2DScene5.cpp">
      <Filter>源文件</Filter>
    </ClCompile>
    <ClCompile Include="render\Direct2DRenderX86.cpp">
      <Filter>源文件</Filter>
    </ClCompile>
    <ClCompile Include="base\bochs\config.cc">
      <Filter>源文件</Filter>
    </ClCompile>
    <ClCompile Include="base\bochs\crc.cc">
      <Filter>源文件</Filter>
    </ClCompile>
    <ClCompile Include="base\bochs\load32bitOShack.cc">
      <Filter>源文件</Filter>
    </ClCompile>
    <ClCompile Include="base\bochs\logio.cc">
      <Filter>源文件</Filter>
    </ClCompile>
    <ClCompile Include="base\bochs\main.cc">
      <Filter>源文件</Filter>
    </ClCompile>
    <ClCompile Include="base\bochs\osdep.cc">
      <Filter>源文件</Filter>
    </ClCompile>
    <ClCompile Include="base\bochs\pc_system.cc">
      <Filter>源文件</Filter>
    </ClCompile>
    <ClCompile Include="base\bochs\plugin.cc">
      <Filter>源文件</Filter>
    </ClCompile>
    <ClCompile Include="base\bochs\sim.cpp">
      <Filter>源文件</Filter>
    </ClCompile>
    <ClCompile Include="base\bochs\gui\d2d.cpp">
      <Filter>源文件</Filter>
    </ClCompile>
    <ClCompile Include="base\clib2d\Clib2D.cpp">
      <Filter>源文件</Filter>
    </ClCompile>
    <ClCompile Include="base\clib2d\Clib2DRender.cpp">
      <Filter>源文件</Filter>
    </ClCompile>
    <ClCompile Include="base\clib2d\c2d.cpp">
      <Filter>源文件</Filter>
    </ClCompile>
    <ClCompile Include="base\clib2d\c2dbody.cpp">
      <Filter>源文件</Filter>
    </ClCompile>
    <ClCompile Include="base\clib2d\c2dcircle.cpp">
      <Filter>源文件</Filter>
    </ClCompile>
    <ClCompile Include="base\clib2d\c2dcollision.cpp">
      <Filter>源文件</Filter>
    </ClCompile>
    <ClCompile Include="base\clib2d\c2dcontact.cpp">
      <Filter>源文件</Filter>
    </ClCompile>
    <ClCompile Include="base\clib2d\c2djoint.cpp">
      <Filter>源文件</Filter>
    </ClCompile>
    <ClCompile Include="base\clib2d\c2dpolygon.cpp">
      <Filter>源文件</Filter>
    </ClCompile>
    <ClCompile Include="base\clib2d\c2drevolute.cpp">
      <Filter>源文件</Filter>
    </ClCompile>
    <ClCompile Include="base\clib2d\c2dworld.cpp">
      <Filter>源文件</Filter>
    </ClCompile>
    <ClCompile Include="base\clib2d\m2.cpp">
      <Filter>源文件</Filter>
    </ClCompile>
    <ClCompile Include="base\clib2d\v2.cpp">
      <Filter>源文件</Filter>
    </ClCompile>
    <ClCompile Include="base\json\cjast.cpp">
      <Filter>源文件</Filter>
    </ClCompile>
    <ClCompile Include="base\json\cjdom.cpp">
      <Filter>源文件</Filter>
    </ClCompile>
    <ClCompile Include="base\json\cjparser.cpp">
      <Filter>源文件</Filter>
    </ClCompile>
    <ClCompile Include="base\json\cjlexer.cpp">
      <Filter>源文件</Filter>
    </ClCompile>
    <ClCompile Include="base\mice2d\Mice2D.cpp">
      <Filter>源文件</Filter>
    </ClCompile>
    <ClCompile Include="base\mice2d\Mice2DRender.cpp">
      <Filter>源文件</Filter>
    </ClCompile>
    <ClCompile Include="base\mice2d\MiceAtom.cpp">
      <Filter>源文件</Filter>
    </ClCompile>
    <ClCompile Include="base\mpm2d\MPM2D.cpp">
      <Filter>源文件</Filter>
    </ClCompile>
    <ClCompile Include="base\mpm2d\MPM2DRender.cpp">
      <Filter>源文件</Filter>
    </ClCompile>
    <ClCompile Include="render\Direct2DRenderSvg.cpp">
      <Filter>源文件</Filter>
    </ClCompile>
    <ClCompile Include="base\nanosvg\nanosvg.cpp">
      <Filter>源文件</Filter>
    </ClCompile>
    <ClCompile Include="base\nanosvg\nanosvgrast.cpp">
      <Filter>源文件</Filter>
    </ClCompile>
    <ClCompile Include="base\clibjs\cjs.cpp">
      <Filter>源文件</Filter>
    </ClCompile>
    <ClCompile Include="base\clibjs\cjsast.cpp">
      <Filter>源文件</Filter>
    </ClCompile>
    <ClCompile Include="base\clibjs\cjsgen.cpp">
      <Filter>源文件</Filter>
    </ClCompile>
    <ClCompile Include="base\clibjs\cjsgen_ast.cpp">
      <Filter>源文件</Filter>
    </ClCompile>
    <ClCompile Include="base\clibjs\cjslexer.cpp">
      <Filter>源文件</Filter>
    </ClCompile>
    <ClCompile Include="base\clibjs\cjsmem.cpp">
      <Filter>源文件</Filter>
    </ClCompile>
    <ClCompile Include="base\clibjs\cjsparser.cpp">
      <Filter>源文件</Filter>
    </ClCompile>
    <ClCompile Include="base\clibjs\cjsruntime.cpp">
      <Filter>源文件</Filter>
    </ClCompile>
    <ClCompile Include="base\clibjs\cjsruntime_base.cpp">
      <Filter>源文件</Filter>
    </ClCompile>
    <ClCompile Include="base\clibjs\cjsruntime_object.cpp">
      <Filter>源文件</Filter>
    </ClCompile>
    <ClCompile Include="base\clibjs\cjstypes.cpp">
      <Filter>源文件</Filter>
    </ClCompile>
    <ClCompile Include="base\clibjs\cjsunit.cpp">
      <Filter>源文件</Filter>
    </ClCompile>
    <ClCompile Include="base\clibjs\JS2D.cpp">
      <Filter>源文件</Filter>
    </ClCompile>
    <ClCompile Include="base\clibjs\JS2DRender.cpp">
      <Filter>源文件</Filter>
    </ClCompile>
    <ClCompile Include="base\clibjs\cjsgui.cpp">
      <Filter>源文件</Filter>
    </ClCompile>
    <ClCompile Include="base\parser2d\cast.cpp">
      <Filter>源文件</Filter>
    </ClCompile>
    <ClCompile Include="base\parser2d\cexception.cpp">
      <Filter>源文件</Filter>
    </ClCompile>
    <ClCompile Include="base\parser2d\cext.cpp">
      <Filter>源文件</Filter>
    </ClCompile>
    <ClCompile Include="base\parser2d\cgen.cpp">
      <Filter>源文件</Filter>
    </ClCompile>
    <ClCompile Include="base\parser2d\cgui.cpp">
      <Filter>源文件</Filter>
    </ClCompile>
    <ClCompile Include="base\parser2d\clexer.cpp">
      <Filter>源文件</Filter>
    </ClCompile>
    <ClCompile Include="base\parser2d\cmem.cpp">
      <Filter>源文件</Filter>
    </ClCompile>
    <ClCompile Include="base\parser2d\cmusic.cpp">
      <Filter>源文件</Filter>
    </ClCompile>
    <ClCompile Include="base\parser2d\cnet.cpp">
      <Filter>源文件</Filter>
    </ClCompile>
    <ClCompile Include="base\parser2d\cparser.cpp">
      <Filter>源文件</Filter>
    </ClCompile>
    <ClCompile Include="base\parser2d\crev.cpp">
      <Filter>源文件</Filter>
    </ClCompile>
    <ClCompile Include="base\parser2d\cui.cpp">
      <Filter>源文件</Filter>
    </ClCompile>
    <ClCompile Include="base\parser2d\cunit.cpp">
      <Filter>源文件</Filter>
    </ClCompile>
    <ClCompile Include="base\parser2d\cvfs.cpp">
      <Filter>源文件</Filter>
    </ClCompile>
    <ClCompile Include="base\parser2d\cvm.cpp">
      <Filter>源文件</Filter>
    </ClCompile>
    <ClCompile Include="base\parser2d\cwnd.cpp">
      <Filter>源文件</Filter>
    </ClCompile>
    <ClCompile Include="base\parser2d\Parser2D.cpp">
      <Filter>源文件</Filter>
    </ClCompile>
    <ClCompile Include="base\parser2d\Parser2DRender.cpp">
      <Filter>源文件</Filter>
    </ClCompile>
    <ClCompile Include="base\parser2d\types.cpp">
      <Filter>源文件</Filter>
    </ClCompile>
    <ClCompile Include="base\restclient-cpp\connection.cpp">
      <Filter>源文件</Filter>
    </ClCompile>
    <ClCompile Include="base\restclient-cpp\helpers.cpp">
      <Filter>源文件</Filter>
    </ClCompile>
    <ClCompile Include="base\restclient-cpp\restclient.cpp">
      <Filter>源文件</Filter>
    </ClCompile>
    <ClCompile Include="base\clibjs\cjsruntime_http.cpp">
      <Filter>源文件</Filter>
    </ClCompile>
    <ClCompile Include="base\clibjs\cjsruntime_ui.cpp">
      <Filter>源文件</Filter>
    </ClCompile>
    <ClCompile Include="base\clibjs\cjsruntime_util.cpp">
      <Filter>源文件</Filter>
    </ClCompile>
    <ClCompile Include="base\clibjs\util\cjsext_puzzle_Klotski_1.cpp">
      <Filter>源文件</Filter>
    </ClCompile>
    <ClCompile Include="base\clibjs\cjsrender.cpp">
      <Filter>源文件</Filter>
    </ClCompile>
  </ItemGroup>
  <ItemGroup>
    <Text Include="script\lib\core\scene.lua">
      <Filter>脚本</Filter>
    </Text>
    <Text Include="script\lib\ui\block.lua">
      <Filter>脚本</Filter>
    </Text>
    <Text Include="script\lib\ui\empty.lua">
      <Filter>脚本</Filter>
    </Text>
    <Text Include="script\lib\ui\gdibase.lua">
      <Filter>脚本</Filter>
    </Text>
    <Text Include="script\lib\ui\gradient.lua">
      <Filter>脚本</Filter>
    </Text>
    <Text Include="script\lib\ui\layout\abs.lua">
      <Filter>脚本</Filter>
    </Text>
    <Text Include="script\lib\ui\layout\layoutbase.lua">
      <Filter>脚本</Filter>
    </Text>
    <Text Include="script\lib\ui\layout\linear.lua">
      <Filter>脚本</Filter>
    </Text>
    <Text Include="script\lib\ui\qr.lua">
      <Filter>脚本</Filter>
    </Text>
    <Text Include="script\lib\ui\radius.lua">
      <Filter>脚本</Filter>
    </Text>
    <Text Include="script\lib\ui\text.lua">
      <Filter>脚本</Filter>
    </Text>
    <Text Include="script\main.lua">
      <Filter>脚本</Filter>
    </Text>
    <Text Include="script\scene\time.lua">
      <Filter>脚本</Filter>
    </Text>
    <Text Include="script\scene\welcome.lua">
      <Filter>脚本</Filter>
    </Text>
    <Text Include="script\lib\ui\comctl\button.lua">
      <Filter>脚本</Filter>
    </Text>
    <Text Include="script\lib\core\winevt.lua">
      <Filter>脚本</Filter>
    </Text>
    <Text Include="script\scene\comctl.lua">
      <Filter>脚本</Filter>
    </Text>
    <Text Include="script\scene\edit.lua">
      <Filter>脚本</Filter>
    </Text>
    <Text Include="script\lib\ui\edit.lua">
      <Filter>脚本</Filter>
    </Text>
    <Text Include="script\lib\ui\comctl\edit.lua">
      <Filter>脚本</Filter>
    </Text>
    <Text Include="script\lib\ui\layout\table.lua">
      <Filter>脚本</Filter>
    </Text>
    <Text Include="script\scene\button.lua">
      <Filter>脚本</Filter>
    </Text>
    <Text Include="script\scene\game\2048.lua">
      <Filter>脚本</Filter>
    </Text>
    <Text Include="script\scene\web\hitokoto.lua">
      <Filter>脚本</Filter>
    </Text>
    <Text Include="script\lib\core\dkjson.lua">
      <Filter>脚本</Filter>
    </Text>
    <Text Include="script\lib\ui\b64img.lua">
      <Filter>脚本</Filter>
    </Text>
    <Text Include="script\scene\visual\path.lua">
      <Filter>脚本</Filter>
    </Text>
    <Text Include="script\lib\ui\watm.lua">
      <Filter>脚本</Filter>
    </Text>
    <Text Include="script\scene\visual\wireworld.lua">
      <Filter>脚本</Filter>
    </Text>
    <Text Include="script\lib\resource\wireworld_computer.txt">
      <Filter>脚本</Filter>
    </Text>
    <Text Include="script\scene\web\music.lua">
      <Filter>脚本</Filter>
    </Text>
    <Text Include="script\lib\ui\2dpe.lua">
      <Filter>脚本</Filter>
    </Text>
    <Text Include="script\lib\ui\x86.lua">
      <Filter>脚本</Filter>
    </Text>
    <Text Include="script\scene\simu\x86.lua">
      <Filter>脚本</Filter>
    </Text>
    <Text Include="script\scene\visual\2dpe.lua">
      <Filter>脚本</Filter>
    </Text>
    <Text Include="script\scene\visual\cg.lua">
      <Filter>脚本</Filter>
    </Text>
    <Text Include="script\lib\ui\clib2d.lua">
      <Filter>脚本</Filter>
    </Text>
    <Text Include="script\scene\visual\clib2d.lua">
      <Filter>脚本</Filter>
    </Text>
    <Text Include="script\scene\visual\parser2d.lua">
      <Filter>脚本</Filter>
    </Text>
    <Text Include="script\lib\ui\parser2d.lua">
      <Filter>脚本</Filter>
    </Text>
    <Text Include="script\lib\ui\mice2d.lua">
      <Filter>脚本</Filter>
    </Text>
    <Text Include="script\scene\game\mice.lua">
      <Filter>脚本</Filter>
    </Text>
    <Text Include="script\scene\visual\mpm2d.lua">
      <Filter>脚本</Filter>
    </Text>
    <Text Include="script\lib\ui\mpm2d.lua">
      <Filter>脚本</Filter>
    </Text>
    <Text Include="script\lib\ui\svg2d.lua">
      <Filter>脚本</Filter>
    </Text>
    <Text Include="script\lib\ui\clibjs.lua">
      <Filter>脚本</Filter>
    </Text>
    <Text Include="script\scene\visual\clibjs.lua">
      <Filter>脚本</Filter>
    </Text>
  </ItemGroup>
  <ItemGroup>
    <None Include="script\vfs\.gitignore" />
    <None Include="script\js\src\main.js" />
    <None Include="script\js\src\test_1.js" />
    <None Include="script\js\src\test_2.js" />
    <None Include="script\js\src\test_4.js" />
    <None Include="script\js\src\test_3.js" />
    <None Include="script\js\lib\clib.js" />
    <None Include="script\js\lib\clib_array.js" />
    <None Include="script\js\lib\clib_error.js" />
    <None Include="script\js\lib\clib_function.js" />
    <None Include="script\js\src\test_5.js" />
    <None Include="script\js\lib\clib_JSON.js" />
    <None Include="script\js\lib\clib_object.js" />
    <None Include="script\js\lib\clib_global.js" />
    <None Include="script\js\src\test_6.js" />
    <None Include="script\js\lib\clib_string.js" />
    <None Include="script\js\lib\clib_math.js" />
    <None Include="script\js\lib\clib_buffer.js" />
    <None Include="script\js\src\test_7.js" />
    <None Include="script\js\lib\clib_event.js" />
    <None Include="script\js\lib\clib_ui.js" />
    <None Include="script\js\src\test_8.js" />
  </ItemGroup>
</Project>